{
  "object": {
    "pins": [
      {
        "package": "Stylobate",
        "repositoryURL": "https://github.com/jrtibbetts/Stylobate.git",
        "state": {
          "branch": "main",
          "revision": "a59b2e90476f9879bbd03bb1a3e69799e32621da",
          "version": null
        }
      }
    ]
  },
  "version": 1
}
